
Microsoft Visual Studio Solution File, Format Version 12.00
# Visual Studio Version 16
VisualStudioVersion = 16.0.29123.88
MinimumVisualStudioVersion = 10.0.40219.1
Project("{9A19103F-16F7-4668-BE54-9A1E7A4F7556}") = "Platform.Data.Triplets", "Platform.Data.Triplets\Platform.Data.Triplets.csproj", "{6FD3123B-54D5-48F6-A2AE-F12036DCA685}"
EndProject
Project("{9A19103F-16F7-4668-BE54-9A1E7A4F7556}") = "Platform.Data.Triplets.Tests", "Platform.Data.Triplets.Tests\Platform.Data.Triplets.Tests.csproj", "{A831EBCE-FCE7-483F-B4EA-791550CE46E9}"
EndProject
Global
	GlobalSection(SolutionConfigurationPlatforms) = preSolution
		Debug|Any CPU = Debug|Any CPU
		Release|Any CPU = Release|Any CPU
	EndGlobalSection
	GlobalSection(ProjectConfigurationPlatforms) = postSolution
		{6FD3123B-54D5-48F6-A2AE-F12036DCA685}.Debug|Any CPU.ActiveCfg = Debug|Any CPU
		{6FD3123B-54D5-48F6-A2AE-F12036DCA685}.Debug|Any CPU.Build.0 = Debug|Any CPU
		{6FD3123B-54D5-48F6-A2AE-F12036DCA685}.Release|Any CPU.ActiveCfg = Release|Any CPU
		{6FD3123B-54D5-48F6-A2AE-F12036DCA685}.Release|Any CPU.Build.0 = Release|Any CPU
		{A831EBCE-FCE7-483F-B4EA-791550CE46E9}.Debug|Any CPU.ActiveCfg = Debug|Any CPU
		{A831EBCE-FCE7-483F-B4EA-791550CE46E9}.Debug|Any CPU.Build.0 = Debug|Any CPU
		{A831EBCE-FCE7-483F-B4EA-791550CE46E9}.Release|Any CPU.ActiveCfg = Release|Any CPU
		{A831EBCE-FCE7-483F-B4EA-791550CE46E9}.Release|Any CPU.Build.0 = Release|Any CPU
	EndGlobalSection
	GlobalSection(SolutionProperties) = preSolution
		HideSolutionNode = FALSE
	EndGlobalSection
	GlobalSection(ExtensibilityGlobals) = postSolution
		SolutionGuid = {4E7DB30B-714C-4463-A304-D0C103FB5619}
	EndGlobalSection
EndGlobal
