
Microsoft Visual Studio Solution File, Format Version 12.00
# Visual Studio Version 16
VisualStudioVersion = 16.0.29123.88
MinimumVisualStudioVersion = 10.0.40219.1
Project("{9A19103F-16F7-4668-BE54-9A1E7A4F7556}") = "Platform.Data.Triplets", "Platform.Data.Triplets.csproj", "{D25E1A06-9C51-403C-8FDD-A1FCDFE9C76D}"
EndProject
Global
	GlobalSection(SolutionConfigurationPlatforms) = preSolution
		Debug|Any CPU = Debug|Any CPU
		Release|Any CPU = Release|Any CPU
	EndGlobalSection
	GlobalSection(ProjectConfigurationPlatforms) = postSolution
		{D25E1A06-9C51-403C-8FDD-A1FCDFE9C76D}.Debug|Any CPU.ActiveCfg = Debug|Any CPU
		{D25E1A06-9C51-403C-8FDD-A1FCDFE9C76D}.Debug|Any CPU.Build.0 = Debug|Any CPU
		{D25E1A06-9C51-403C-8FDD-A1FCDFE9C76D}.Release|Any CPU.ActiveCfg = Release|Any CPU
		{D25E1A06-9C51-403C-8FDD-A1FCDFE9C76D}.Release|Any CPU.Build.0 = Release|Any CPU
	EndGlobalSection
	GlobalSection(SolutionProperties) = preSolution
		HideSolutionNode = FALSE
	EndGlobalSection
	GlobalSection(ExtensibilityGlobals) = postSolution
		SolutionGuid = {4E7DB30B-714C-4463-A304-D0C103FB5619}
	EndGlobalSection
EndGlobal
